
Microsoft Visual Studio Solution File, Format Version 12.00
# Visual Studio Version 17
VisualStudioVersion = 17.0.31903.59
MinimumVisualStudioVersion = 10.0.40219.1
Project("{2150E333-8FDC-42A3-9474-1A3956D46DE8}") = "backend", "backend", "{B9F023B0-83DC-416F-B5D7-3B1C9BEFE49C}"
EndProject
Project("{FAE04EC0-301F-11D3-BF4B-00C04F79EFBC}") = "Mikeka.Api", "backend\Mikeka.Api\Mikeka.Api.csproj", "{E1FB517C-3D1F-4A7E-A2E9-AD31673667B1}"
EndProject
Project("{FAE04EC0-301F-11D3-BF4B-00C04F79EFBC}") = "Mikeka.Tests", "backend\Mikeka.Tests\Mikeka.Tests.csproj", "{6DD6B9C4-44A5-4D19-AC39-1DAA33A8F5CC}"
EndProject
Global
	GlobalSection(SolutionConfigurationPlatforms) = preSolution
		Debug|Any CPU = Debug|Any CPU
		Release|Any CPU = Release|Any CPU
	EndGlobalSection
	GlobalSection(SolutionProperties) = preSolution
		HideSolutionNode = FALSE
	EndGlobalSection
	GlobalSection(ProjectConfigurationPlatforms) = postSolution
		{E1FB517C-3D1F-4A7E-A2E9-AD31673667B1}.Debug|Any CPU.ActiveCfg = Debug|Any CPU
		{E1FB517C-3D1F-4A7E-A2E9-AD31673667B1}.Debug|Any CPU.Build.0 = Debug|Any CPU
		{E1FB517C-3D1F-4A7E-A2E9-AD31673667B1}.Release|Any CPU.ActiveCfg = Release|Any CPU
		{E1FB517C-3D1F-4A7E-A2E9-AD31673667B1}.Release|Any CPU.Build.0 = Release|Any CPU
		{6DD6B9C4-44A5-4D19-AC39-1DAA33A8F5CC}.Debug|Any CPU.ActiveCfg = Debug|Any CPU
		{6DD6B9C4-44A5-4D19-AC39-1DAA33A8F5CC}.Debug|Any CPU.Build.0 = Debug|Any CPU
		{6DD6B9C4-44A5-4D19-AC39-1DAA33A8F5CC}.Release|Any CPU.ActiveCfg = Release|Any CPU
		{6DD6B9C4-44A5-4D19-AC39-1DAA33A8F5CC}.Release|Any CPU.Build.0 = Release|Any CPU
	EndGlobalSection
	GlobalSection(NestedProjects) = preSolution
		{E1FB517C-3D1F-4A7E-A2E9-AD31673667B1} = {B9F023B0-83DC-416F-B5D7-3B1C9BEFE49C}
		{6DD6B9C4-44A5-4D19-AC39-1DAA33A8F5CC} = {B9F023B0-83DC-416F-B5D7-3B1C9BEFE49C}
	EndGlobalSection
EndGlobal
